
Microsoft Visual Studio Solution File, Format Version 12.00
# Visual Studio 2013
VisualStudioVersion = 12.0.40629.0
MinimumVisualStudioVersion = 10.0.40219.1
Project("{FAE04EC0-301F-11D3-BF4B-00C04F79EFBC}") = "刷单管理", "刷单管理\刷单管理.csproj", "{58B5DB65-5BCB-421D-8E1A-84465DF0801B}"
EndProject
Global
	GlobalSection(SolutionConfigurationPlatforms) = preSolution
		Debug|Any CPU = Debug|Any CPU
		Release|Any CPU = Release|Any CPU
	EndGlobalSection
	GlobalSection(ProjectConfigurationPlatforms) = postSolution
		{58B5DB65-5BCB-421D-8E1A-84465DF0801B}.Debug|Any CPU.ActiveCfg = Debug|Any CPU
		{58B5DB65-5BCB-421D-8E1A-84465DF0801B}.Debug|Any CPU.Build.0 = Debug|Any CPU
		{58B5DB65-5BCB-421D-8E1A-84465DF0801B}.Release|Any CPU.ActiveCfg = Release|Any CPU
		{58B5DB65-5BCB-421D-8E1A-84465DF0801B}.Release|Any CPU.Build.0 = Release|Any CPU
	EndGlobalSection
	GlobalSection(SolutionProperties) = preSolution
		HideSolutionNode = FALSE
	EndGlobalSection
EndGlobal
